
Microsoft Visual Studio Solution File, Format Version 12.00
# Visual Studio Version 17
VisualStudioVersion = 17.1.32414.318
MinimumVisualStudioVersion = 10.0.40219.1
Project("{FAE04EC0-301F-11D3-BF4B-00C04F79EFBC}") = "AirlineAPI", "AirlineAPI\AirlineAPI.csproj", "{FF61408D-C933-4D94-BB6B-81046B98C5FB}"
EndProject
Project("{FAE04EC0-301F-11D3-BF4B-00C04F79EFBC}") = "Airline.DataAccess.Library", "Airline.DataAccess.Library\Airline.DataAccess.Library.csproj", "{DFCC5F10-E05C-4560-8B65-87F5F920314E}"
EndProject
Project("{FAE04EC0-301F-11D3-BF4B-00C04F79EFBC}") = "Airline.DataAccess.Sqlite.Library", "Airline.DataAccess.Sqlite.Library\Airline.DataAccess.Sqlite.Library.csproj", "{D777C31A-E4C4-46EB-B81F-4BBCDBE91F1D}"
EndProject
Global
	GlobalSection(SolutionConfigurationPlatforms) = preSolution
		Debug|Any CPU = Debug|Any CPU
		Release|Any CPU = Release|Any CPU
	EndGlobalSection
	GlobalSection(ProjectConfigurationPlatforms) = postSolution
		{FF61408D-C933-4D94-BB6B-81046B98C5FB}.Debug|Any CPU.ActiveCfg = Debug|Any CPU
		{FF61408D-C933-4D94-BB6B-81046B98C5FB}.Debug|Any CPU.Build.0 = Debug|Any CPU
		{FF61408D-C933-4D94-BB6B-81046B98C5FB}.Release|Any CPU.ActiveCfg = Release|Any CPU
		{FF61408D-C933-4D94-BB6B-81046B98C5FB}.Release|Any CPU.Build.0 = Release|Any CPU
		{DFCC5F10-E05C-4560-8B65-87F5F920314E}.Debug|Any CPU.ActiveCfg = Debug|Any CPU
		{DFCC5F10-E05C-4560-8B65-87F5F920314E}.Debug|Any CPU.Build.0 = Debug|Any CPU
		{DFCC5F10-E05C-4560-8B65-87F5F920314E}.Release|Any CPU.ActiveCfg = Release|Any CPU
		{DFCC5F10-E05C-4560-8B65-87F5F920314E}.Release|Any CPU.Build.0 = Release|Any CPU
		{D777C31A-E4C4-46EB-B81F-4BBCDBE91F1D}.Debug|Any CPU.ActiveCfg = Debug|Any CPU
		{D777C31A-E4C4-46EB-B81F-4BBCDBE91F1D}.Debug|Any CPU.Build.0 = Debug|Any CPU
		{D777C31A-E4C4-46EB-B81F-4BBCDBE91F1D}.Release|Any CPU.ActiveCfg = Release|Any CPU
		{D777C31A-E4C4-46EB-B81F-4BBCDBE91F1D}.Release|Any CPU.Build.0 = Release|Any CPU
	EndGlobalSection
	GlobalSection(SolutionProperties) = preSolution
		HideSolutionNode = FALSE
	EndGlobalSection
	GlobalSection(ExtensibilityGlobals) = postSolution
		SolutionGuid = {DB7956B6-7F30-4CC3-8735-61F5C63A7CCF}
	EndGlobalSection
EndGlobal
